
Microsoft Visual Studio Solution File, Format Version 12.00
# Visual Studio Version 16
VisualStudioVersion = 16.0.29613.14
MinimumVisualStudioVersion = 10.0.40219.1
Project("{FAE04EC0-301F-11D3-BF4B-00C04F79EFBC}") = "UnitTesting", "UnitTesting\UnitTesting.csproj", "{72D94FD1-4FA3-41CF-B20A-51F6D91BDE70}"
EndProject
Project("{2150E333-8FDC-42A3-9474-1A3956D46DE8}") = "Chapter1", "Chapter1", "{65C3B8E8-869B-46EF-B996-9424F91483B1}"
EndProject
Project("{2150E333-8FDC-42A3-9474-1A3956D46DE8}") = "Chapter2", "Chapter2", "{BB67E8B3-A9E3-4317-A2AB-62FDF2DD499F}"
EndProject
Project("{2150E333-8FDC-42A3-9474-1A3956D46DE8}") = "Chapter3", "Chapter3", "{B8AB0F81-D146-4E0A-8291-7637EEC02BDA}"
EndProject
Project("{FAE04EC0-301F-11D3-BF4B-00C04F79EFBC}") = "LogAn.UnitTests", "Chapter3\LogAn.UnitTests\LogAn.UnitTests.csproj", "{B645FE52-0296-4772-B26B-1AB46C343FD3}"
EndProject
Project("{FAE04EC0-301F-11D3-BF4B-00C04F79EFBC}") = "LogAn", "Chapter3\LogAn\LogAn.csproj", "{48068B2D-72E8-4E11-A858-57384B67BD55}"
EndProject
Project("{9A19103F-16F7-4668-BE54-9A1E7A4F7556}") = "Chapter1.ConsoleApp", "Chapter1\Chapter1.ConsoleApp\Chapter1.ConsoleApp.csproj", "{96BB6F7B-D17E-4433-BB98-BF358881E616}"
EndProject
Project("{FAE04EC0-301F-11D3-BF4B-00C04F79EFBC}") = "LogAn", "Chapter2\LogAn\LogAn.csproj", "{1F135295-E464-4BB4-809A-9A44A6649D57}"
EndProject
Project("{FAE04EC0-301F-11D3-BF4B-00C04F79EFBC}") = "LogAn.UnitTests", "Chapter2\LogAn.UnitTests\LogAn.UnitTests.csproj", "{4C659158-D0AF-4C7D-8C6F-7FB8572049E9}"
EndProject
Project("{2150E333-8FDC-42A3-9474-1A3956D46DE8}") = "Chapter4", "Chapter4", "{483111D1-D56E-4A40-BED4-F8AB757A22AC}"
EndProject
Project("{FAE04EC0-301F-11D3-BF4B-00C04F79EFBC}") = "Chapter4.LogAn", "Chapter4\Chapter4.LogAn\Chapter4.LogAn.csproj", "{7024339D-A590-4A0D-B483-AEDF957F882C}"
EndProject
Project("{FAE04EC0-301F-11D3-BF4B-00C04F79EFBC}") = "Chapter4.LogAn.UnitTests", "Chapter4\Chapter4.LogAn.UnitTests\Chapter4.LogAn.UnitTests.csproj", "{3318FAAD-9DEF-4A41-9D4F-52EA84F98F97}"
EndProject
Project("{2150E333-8FDC-42A3-9474-1A3956D46DE8}") = "Chapter5", "Chapter5", "{4C8E168C-60FF-4F93-AEB2-9C7A6F258148}"
EndProject
Project("{FAE04EC0-301F-11D3-BF4B-00C04F79EFBC}") = "Chapter5.LogAn", "Chapter5\Chapter5.LogAn\Chapter5.LogAn.csproj", "{CC3FCF6E-7286-46EA-B7B2-FB98A87E9177}"
EndProject
Project("{FAE04EC0-301F-11D3-BF4B-00C04F79EFBC}") = "Chapter5.LogAn.UnitTests", "Chapter5\Chapter5.LogAn.UnitTests\Chapter5.LogAn.UnitTests.csproj", "{AEECDD48-77CD-4B74-BD9E-24D77AC500E5}"
EndProject
Global
	GlobalSection(SolutionConfigurationPlatforms) = preSolution
		Debug|Any CPU = Debug|Any CPU
		Release|Any CPU = Release|Any CPU
	EndGlobalSection
	GlobalSection(ProjectConfigurationPlatforms) = postSolution
		{72D94FD1-4FA3-41CF-B20A-51F6D91BDE70}.Debug|Any CPU.ActiveCfg = Debug|Any CPU
		{72D94FD1-4FA3-41CF-B20A-51F6D91BDE70}.Debug|Any CPU.Build.0 = Debug|Any CPU
		{72D94FD1-4FA3-41CF-B20A-51F6D91BDE70}.Release|Any CPU.ActiveCfg = Release|Any CPU
		{72D94FD1-4FA3-41CF-B20A-51F6D91BDE70}.Release|Any CPU.Build.0 = Release|Any CPU
		{B645FE52-0296-4772-B26B-1AB46C343FD3}.Debug|Any CPU.ActiveCfg = Debug|Any CPU
		{B645FE52-0296-4772-B26B-1AB46C343FD3}.Debug|Any CPU.Build.0 = Debug|Any CPU
		{B645FE52-0296-4772-B26B-1AB46C343FD3}.Release|Any CPU.ActiveCfg = Release|Any CPU
		{B645FE52-0296-4772-B26B-1AB46C343FD3}.Release|Any CPU.Build.0 = Release|Any CPU
		{48068B2D-72E8-4E11-A858-57384B67BD55}.Debug|Any CPU.ActiveCfg = Debug|Any CPU
		{48068B2D-72E8-4E11-A858-57384B67BD55}.Debug|Any CPU.Build.0 = Debug|Any CPU
		{48068B2D-72E8-4E11-A858-57384B67BD55}.Release|Any CPU.ActiveCfg = Release|Any CPU
		{48068B2D-72E8-4E11-A858-57384B67BD55}.Release|Any CPU.Build.0 = Release|Any CPU
		{96BB6F7B-D17E-4433-BB98-BF358881E616}.Debug|Any CPU.ActiveCfg = Debug|Any CPU
		{96BB6F7B-D17E-4433-BB98-BF358881E616}.Debug|Any CPU.Build.0 = Debug|Any CPU
		{96BB6F7B-D17E-4433-BB98-BF358881E616}.Release|Any CPU.ActiveCfg = Release|Any CPU
		{96BB6F7B-D17E-4433-BB98-BF358881E616}.Release|Any CPU.Build.0 = Release|Any CPU
		{1F135295-E464-4BB4-809A-9A44A6649D57}.Debug|Any CPU.ActiveCfg = Debug|Any CPU
		{1F135295-E464-4BB4-809A-9A44A6649D57}.Debug|Any CPU.Build.0 = Debug|Any CPU
		{1F135295-E464-4BB4-809A-9A44A6649D57}.Release|Any CPU.ActiveCfg = Release|Any CPU
		{1F135295-E464-4BB4-809A-9A44A6649D57}.Release|Any CPU.Build.0 = Release|Any CPU
		{4C659158-D0AF-4C7D-8C6F-7FB8572049E9}.Debug|Any CPU.ActiveCfg = Debug|Any CPU
		{4C659158-D0AF-4C7D-8C6F-7FB8572049E9}.Debug|Any CPU.Build.0 = Debug|Any CPU
		{4C659158-D0AF-4C7D-8C6F-7FB8572049E9}.Release|Any CPU.ActiveCfg = Release|Any CPU
		{4C659158-D0AF-4C7D-8C6F-7FB8572049E9}.Release|Any CPU.Build.0 = Release|Any CPU
		{7024339D-A590-4A0D-B483-AEDF957F882C}.Debug|Any CPU.ActiveCfg = Debug|Any CPU
		{7024339D-A590-4A0D-B483-AEDF957F882C}.Debug|Any CPU.Build.0 = Debug|Any CPU
		{7024339D-A590-4A0D-B483-AEDF957F882C}.Release|Any CPU.ActiveCfg = Release|Any CPU
		{7024339D-A590-4A0D-B483-AEDF957F882C}.Release|Any CPU.Build.0 = Release|Any CPU
		{3318FAAD-9DEF-4A41-9D4F-52EA84F98F97}.Debug|Any CPU.ActiveCfg = Debug|Any CPU
		{3318FAAD-9DEF-4A41-9D4F-52EA84F98F97}.Debug|Any CPU.Build.0 = Debug|Any CPU
		{3318FAAD-9DEF-4A41-9D4F-52EA84F98F97}.Release|Any CPU.ActiveCfg = Release|Any CPU
		{3318FAAD-9DEF-4A41-9D4F-52EA84F98F97}.Release|Any CPU.Build.0 = Release|Any CPU
		{CC3FCF6E-7286-46EA-B7B2-FB98A87E9177}.Debug|Any CPU.ActiveCfg = Debug|Any CPU
		{CC3FCF6E-7286-46EA-B7B2-FB98A87E9177}.Debug|Any CPU.Build.0 = Debug|Any CPU
		{CC3FCF6E-7286-46EA-B7B2-FB98A87E9177}.Release|Any CPU.ActiveCfg = Release|Any CPU
		{CC3FCF6E-7286-46EA-B7B2-FB98A87E9177}.Release|Any CPU.Build.0 = Release|Any CPU
		{AEECDD48-77CD-4B74-BD9E-24D77AC500E5}.Debug|Any CPU.ActiveCfg = Debug|Any CPU
		{AEECDD48-77CD-4B74-BD9E-24D77AC500E5}.Debug|Any CPU.Build.0 = Debug|Any CPU
		{AEECDD48-77CD-4B74-BD9E-24D77AC500E5}.Release|Any CPU.ActiveCfg = Release|Any CPU
		{AEECDD48-77CD-4B74-BD9E-24D77AC500E5}.Release|Any CPU.Build.0 = Release|Any CPU
	EndGlobalSection
	GlobalSection(SolutionProperties) = preSolution
		HideSolutionNode = FALSE
	EndGlobalSection
	GlobalSection(NestedProjects) = preSolution
		{B645FE52-0296-4772-B26B-1AB46C343FD3} = {B8AB0F81-D146-4E0A-8291-7637EEC02BDA}
		{48068B2D-72E8-4E11-A858-57384B67BD55} = {B8AB0F81-D146-4E0A-8291-7637EEC02BDA}
		{96BB6F7B-D17E-4433-BB98-BF358881E616} = {65C3B8E8-869B-46EF-B996-9424F91483B1}
		{1F135295-E464-4BB4-809A-9A44A6649D57} = {BB67E8B3-A9E3-4317-A2AB-62FDF2DD499F}
		{4C659158-D0AF-4C7D-8C6F-7FB8572049E9} = {BB67E8B3-A9E3-4317-A2AB-62FDF2DD499F}
		{7024339D-A590-4A0D-B483-AEDF957F882C} = {483111D1-D56E-4A40-BED4-F8AB757A22AC}
		{3318FAAD-9DEF-4A41-9D4F-52EA84F98F97} = {483111D1-D56E-4A40-BED4-F8AB757A22AC}
		{CC3FCF6E-7286-46EA-B7B2-FB98A87E9177} = {4C8E168C-60FF-4F93-AEB2-9C7A6F258148}
		{AEECDD48-77CD-4B74-BD9E-24D77AC500E5} = {4C8E168C-60FF-4F93-AEB2-9C7A6F258148}
	EndGlobalSection
	GlobalSection(ExtensibilityGlobals) = postSolution
		SolutionGuid = {8C049CFB-BA99-426E-A460-66B9ACD7C639}
	EndGlobalSection
EndGlobal
